
Microsoft Visual Studio Solution File, Format Version 12.00
# Visual Studio Version 16
VisualStudioVersion = 16.0.31702.278
MinimumVisualStudioVersion = 10.0.40219.1
Project("{9A19103F-16F7-4668-BE54-9A1E7A4F7556}") = "PixelPlus.Domain", "PixelPlus.Domain\PixelPlus.Domain.csproj", "{ED8426B5-E571-4B84-B62E-08E9F342612B}"
EndProject
Project("{9A19103F-16F7-4668-BE54-9A1E7A4F7556}") = "PixelPlus.Infrastructure", "PixelPlus.Infrastructure\PixelPlus.Infrastructure.csproj", "{62A38BBB-C607-4364-B847-374ABD83BBDE}"
EndProject
Project("{9A19103F-16F7-4668-BE54-9A1E7A4F7556}") = "PixelPlus.Application", "PixelPlus.Application\PixelPlus.Application.csproj", "{9ECB5A9F-FCA2-4807-BC4F-F6E1C7690A86}"
EndProject
Project("{FAE04EC0-301F-11D3-BF4B-00C04F79EFBC}") = "PixelPlus.Api", "PixelPlus.Api\PixelPlus.Api.csproj", "{CF7D1A2A-13BB-4E0D-91AA-ADDF3ED6339F}"
EndProject
Global
	GlobalSection(SolutionConfigurationPlatforms) = preSolution
		Debug|Any CPU = Debug|Any CPU
		Release|Any CPU = Release|Any CPU
	EndGlobalSection
	GlobalSection(ProjectConfigurationPlatforms) = postSolution
		{ED8426B5-E571-4B84-B62E-08E9F342612B}.Debug|Any CPU.ActiveCfg = Debug|Any CPU
		{ED8426B5-E571-4B84-B62E-08E9F342612B}.Debug|Any CPU.Build.0 = Debug|Any CPU
		{ED8426B5-E571-4B84-B62E-08E9F342612B}.Release|Any CPU.ActiveCfg = Release|Any CPU
		{ED8426B5-E571-4B84-B62E-08E9F342612B}.Release|Any CPU.Build.0 = Release|Any CPU
		{62A38BBB-C607-4364-B847-374ABD83BBDE}.Debug|Any CPU.ActiveCfg = Debug|Any CPU
		{62A38BBB-C607-4364-B847-374ABD83BBDE}.Debug|Any CPU.Build.0 = Debug|Any CPU
		{62A38BBB-C607-4364-B847-374ABD83BBDE}.Release|Any CPU.ActiveCfg = Release|Any CPU
		{62A38BBB-C607-4364-B847-374ABD83BBDE}.Release|Any CPU.Build.0 = Release|Any CPU
		{9ECB5A9F-FCA2-4807-BC4F-F6E1C7690A86}.Debug|Any CPU.ActiveCfg = Debug|Any CPU
		{9ECB5A9F-FCA2-4807-BC4F-F6E1C7690A86}.Debug|Any CPU.Build.0 = Debug|Any CPU
		{9ECB5A9F-FCA2-4807-BC4F-F6E1C7690A86}.Release|Any CPU.ActiveCfg = Release|Any CPU
		{9ECB5A9F-FCA2-4807-BC4F-F6E1C7690A86}.Release|Any CPU.Build.0 = Release|Any CPU
		{CF7D1A2A-13BB-4E0D-91AA-ADDF3ED6339F}.Debug|Any CPU.ActiveCfg = Debug|Any CPU
		{CF7D1A2A-13BB-4E0D-91AA-ADDF3ED6339F}.Debug|Any CPU.Build.0 = Debug|Any CPU
		{CF7D1A2A-13BB-4E0D-91AA-ADDF3ED6339F}.Release|Any CPU.ActiveCfg = Release|Any CPU
		{CF7D1A2A-13BB-4E0D-91AA-ADDF3ED6339F}.Release|Any CPU.Build.0 = Release|Any CPU
	EndGlobalSection
	GlobalSection(SolutionProperties) = preSolution
		HideSolutionNode = FALSE
	EndGlobalSection
	GlobalSection(ExtensibilityGlobals) = postSolution
		SolutionGuid = {67C7449A-17CC-4508-BB35-F26F3629A2FE}
	EndGlobalSection
EndGlobal
